
Microsoft Visual Studio Solution File, Format Version 12.00
# Visual Studio Version 16
VisualStudioVersion = 16.0.31729.503
MinimumVisualStudioVersion = 10.0.40219.1
Project("{FAE04EC0-301F-11D3-BF4B-00C04F79EFBC}") = "ASP-MVC-Movies", "ASP-MVC-Movies\ASP-MVC-Movies.csproj", "{B40E4C77-AB3D-4D5D-9B97-F12FD47B3F0A}"
EndProject
Global
	GlobalSection(SolutionConfigurationPlatforms) = preSolution
		Debug|Any CPU = Debug|Any CPU
		Release|Any CPU = Release|Any CPU
	EndGlobalSection
	GlobalSection(ProjectConfigurationPlatforms) = postSolution
		{B40E4C77-AB3D-4D5D-9B97-F12FD47B3F0A}.Debug|Any CPU.ActiveCfg = Debug|Any CPU
		{B40E4C77-AB3D-4D5D-9B97-F12FD47B3F0A}.Debug|Any CPU.Build.0 = Debug|Any CPU
		{B40E4C77-AB3D-4D5D-9B97-F12FD47B3F0A}.Release|Any CPU.ActiveCfg = Release|Any CPU
		{B40E4C77-AB3D-4D5D-9B97-F12FD47B3F0A}.Release|Any CPU.Build.0 = Release|Any CPU
	EndGlobalSection
	GlobalSection(SolutionProperties) = preSolution
		HideSolutionNode = FALSE
	EndGlobalSection
	GlobalSection(ExtensibilityGlobals) = postSolution
		SolutionGuid = {4D3427BD-3260-4516-8EF6-43F2DC410A8D}
	EndGlobalSection
EndGlobal
